<?xml version="1.0" encoding="utf-8"?>
<Solution>
  <Configurations>
    <Platform Name="ARM64" />
    <Platform Name="x64" />
    <Platform Name="x86" />
  </Configurations>
  <Project Path="SystemBack.vcxproj" Id="11dbcdc0-9225-5b97-9ccf-7fd82fcfea06">
    <Deploy Solution="*|ARM64" />
    <Deploy Solution="*|x64" />
    <Deploy Solution="*|x86" />
  </Project>
</Solution>
