<Solution>
  <Configurations>
    <Platform Name="ARM" />
    <Platform Name="ARM64" />
    <Platform Name="x64" />
    <Platform Name="x86" />
  </Configurations>
  <Project Path="XamlTransform3DAnimations.vcxproj" Id="faeed705-f731-4166-9783-e49143abb294">
    <Deploy Solution="*|ARM64" />
    <Deploy Solution="*|x64" />
    <Deploy Solution="*|x86" />
  </Project>
</Solution>
